
Microsoft Visual Studio Solution File, Format Version 12.00
# Visual Studio Version 17
VisualStudioVersion = 17.1.32228.430
MinimumVisualStudioVersion = 10.0.40219.1
Project("{FAE04EC0-301F-11D3-BF4B-00C04F79EFBC}") = "Practice", "Practice\Practice.csproj", "{2AAD775B-9EB2-41AC-A2C2-8EED825EEDDE}"
EndProject
Global
	GlobalSection(SolutionConfigurationPlatforms) = preSolution
		Debug|Any CPU = Debug|Any CPU
		Release|Any CPU = Release|Any CPU
	EndGlobalSection
	GlobalSection(ProjectConfigurationPlatforms) = postSolution
		{2AAD775B-9EB2-41AC-A2C2-8EED825EEDDE}.Debug|Any CPU.ActiveCfg = Debug|Any CPU
		{2AAD775B-9EB2-41AC-A2C2-8EED825EEDDE}.Debug|Any CPU.Build.0 = Debug|Any CPU
		{2AAD775B-9EB2-41AC-A2C2-8EED825EEDDE}.Release|Any CPU.ActiveCfg = Release|Any CPU
		{2AAD775B-9EB2-41AC-A2C2-8EED825EEDDE}.Release|Any CPU.Build.0 = Release|Any CPU
	EndGlobalSection
	GlobalSection(SolutionProperties) = preSolution
		HideSolutionNode = FALSE
	EndGlobalSection
	GlobalSection(ExtensibilityGlobals) = postSolution
		SolutionGuid = {9D38DD0C-DE86-4A48-8BAD-40FCD73F33A9}
	EndGlobalSection
EndGlobal
